
Microsoft Visual Studio Solution File, Format Version 12.00
# Visual Studio Version 16
VisualStudioVersion = 16.0.29215.179
MinimumVisualStudioVersion = 10.0.40219.1
Project("{9A19103F-16F7-4668-BE54-9A1E7A4F7556}") = "DotnetCoreSampleProject", "DotnetCoreSampleProject\DotnetCoreSampleProject.csproj", "{81E860AD-5278-4F68-A8AF-9ABF6199A57B}"
EndProject
Project("{FAE04EC0-301F-11D3-BF4B-00C04F79EFBC}") = "DotnetCoreEntity", "DotnetCoreEntity\DotnetCoreEntity.csproj", "{6BBAB870-335F-4377-9022-CE39DECB1C31}"
EndProject
Project("{FAE04EC0-301F-11D3-BF4B-00C04F79EFBC}") = "DotnetCoreRepository", "DotnetCoreRepository\DotnetCoreRepository.csproj", "{DCC5CDD2-5C4C-456B-912F-9534835C8853}"
EndProject
Project("{FAE04EC0-301F-11D3-BF4B-00C04F79EFBC}") = "DotnetCoreService", "DotnetCoreService\DotnetCoreService.csproj", "{B233FD39-FAD7-4183-95ED-6C3A136354A3}"
EndProject
Global
	GlobalSection(SolutionConfigurationPlatforms) = preSolution
		Debug|Any CPU = Debug|Any CPU
		Release|Any CPU = Release|Any CPU
	EndGlobalSection
	GlobalSection(ProjectConfigurationPlatforms) = postSolution
		{81E860AD-5278-4F68-A8AF-9ABF6199A57B}.Debug|Any CPU.ActiveCfg = Debug|Any CPU
		{81E860AD-5278-4F68-A8AF-9ABF6199A57B}.Debug|Any CPU.Build.0 = Debug|Any CPU
		{81E860AD-5278-4F68-A8AF-9ABF6199A57B}.Release|Any CPU.ActiveCfg = Release|Any CPU
		{81E860AD-5278-4F68-A8AF-9ABF6199A57B}.Release|Any CPU.Build.0 = Release|Any CPU
		{6BBAB870-335F-4377-9022-CE39DECB1C31}.Debug|Any CPU.ActiveCfg = Debug|Any CPU
		{6BBAB870-335F-4377-9022-CE39DECB1C31}.Debug|Any CPU.Build.0 = Debug|Any CPU
		{6BBAB870-335F-4377-9022-CE39DECB1C31}.Release|Any CPU.ActiveCfg = Release|Any CPU
		{6BBAB870-335F-4377-9022-CE39DECB1C31}.Release|Any CPU.Build.0 = Release|Any CPU
		{DCC5CDD2-5C4C-456B-912F-9534835C8853}.Debug|Any CPU.ActiveCfg = Debug|Any CPU
		{DCC5CDD2-5C4C-456B-912F-9534835C8853}.Debug|Any CPU.Build.0 = Debug|Any CPU
		{DCC5CDD2-5C4C-456B-912F-9534835C8853}.Release|Any CPU.ActiveCfg = Release|Any CPU
		{DCC5CDD2-5C4C-456B-912F-9534835C8853}.Release|Any CPU.Build.0 = Release|Any CPU
		{B233FD39-FAD7-4183-95ED-6C3A136354A3}.Debug|Any CPU.ActiveCfg = Debug|Any CPU
		{B233FD39-FAD7-4183-95ED-6C3A136354A3}.Debug|Any CPU.Build.0 = Debug|Any CPU
		{B233FD39-FAD7-4183-95ED-6C3A136354A3}.Release|Any CPU.ActiveCfg = Release|Any CPU
		{B233FD39-FAD7-4183-95ED-6C3A136354A3}.Release|Any CPU.Build.0 = Release|Any CPU
	EndGlobalSection
	GlobalSection(SolutionProperties) = preSolution
		HideSolutionNode = FALSE
	EndGlobalSection
	GlobalSection(ExtensibilityGlobals) = postSolution
		SolutionGuid = {9E00B734-F710-4C3F-A99E-D1F810763BC8}
	EndGlobalSection
EndGlobal
